{
  "name": "crm-logistic-2.0",
  "lockfileVersion": 2,
  "requires": true,
  "packages": {
    "": {
      "dependencies": {
        "passport-oauth2-refresh": "^2.0.1"
      }
    },
    "node_modules/passport-oauth2-refresh": {
      "version": "2.0.1",
      "resolved": "https://registry.npmjs.org/passport-oauth2-refresh/-/passport-oauth2-refresh-2.0.1.tgz",
      "integrity": "sha512-09JUZ+bxedO31oDnYTb8GRR215NFd+JfbRY85EdppfxKYli5fv0+Ghr7HaLQtYz0BtCTevwOGPCGlrPVEs5Fug==",
      "engines": {
        "node": ">=10"
      }
    }
  },
  "dependencies": {
    "passport-oauth2-refresh": {
      "version": "2.0.1",
      "resolved": "https://registry.npmjs.org/passport-oauth2-refresh/-/passport-oauth2-refresh-2.0.1.tgz",
      "integrity": "sha512-09JUZ+bxedO31oDnYTb8GRR215NFd+JfbRY85EdppfxKYli5fv0+Ghr7HaLQtYz0BtCTevwOGPCGlrPVEs5Fug=="
    }
  }
}
