# THIS IS AN AUTOGENERATED FILE. DO NOT EDIT THIS FILE DIRECTLY.
# yarn lockfile v1


"@types/gapi.auth2@^0.0.54":
  version "0.0.54"
  resolved "https://registry.yarnpkg.com/@types/gapi.auth2/-/gapi.auth2-0.0.54.tgz#812207fb213fde4f2d74e6f0abd9da7ba34782ac"
  integrity sha512-4HEphaKsGndb9+tnd2PBBmxloaij04iYXVsjgHpFxqbPFt5Le6pasoh5g5BEtwp/YEm9xDbzssp44BYR2/7RcQ==
  dependencies:
    "@types/gapi" "*"

"@types/gapi@*":
  version "0.0.39"
  resolved "https://registry.yarnpkg.com/@types/gapi/-/gapi-0.0.39.tgz#bc7fa8cd0cb175b36e3609790fb2ed73a33f6881"
  integrity sha512-R1TZeZbvvbIC60DBJMhuOEivQHzOQtzl3uMDOOENTYQTSSDB6oEMpJo8HVPOTWivdUTbyEcB5qQOVr/JCKRlCQ==
